// !$*UTF8*$!
{
	archiveVersion = 1;
	classes = {
	};
	objectVersion = 46;
	objects = {

/* Begin PBXBuildFile section */
		CE49C61E1EA8435C0014DA67 /* AppDelegate.swift in Sources */ = {isa = PBXBuildFile; fileRef = CE49C61D1EA8435C0014DA67 /* AppDelegate.swift */; };
		CE49C6201EA8435C0014DA67 /* ViewController.swift in Sources */ = {isa = PBXBuildFile; fileRef = CE49C61F1EA8435C0014DA67 /* ViewController.swift */; };
		CE49C6231EA8435C0014DA67 /* Main.storyboard in Resources */ = {isa = PBXBuildFile; fileRef = CE49C6211EA8435C0014DA67 /* Main.storyboard */; };
		CE49C6261EA8435C0014DA67 /* testNoveo.xcdatamodeld in Sources */ = {isa = PBXBuildFile; fileRef = CE49C6241EA8435C0014DA67 /* testNoveo.xcdatamodeld */; };
		CE49C6281EA8435C0014DA67 /* Assets.xcassets in Resources */ = {isa = PBXBuildFile; fileRef = CE49C6271EA8435C0014DA67 /* Assets.xcassets */; };
		CE49C62B1EA8435C0014DA67 /* LaunchScreen.storyboard in Resources */ = {isa = PBXBuildFile; fileRef = CE49C6291EA8435C0014DA67 /* LaunchScreen.storyboard */; };
/* End PBXBuildFile section */

/* Begin PBXFileReference section */
		CE49C61A1EA8435C0014DA67 /* testNoveo.app */ = {isa = PBXFileReference; explicitFileType = wrapper.application; includeInIndex = 0; path = testNoveo.app; sourceTree = BUILT_PRODUCTS_DIR; };
		CE49C61D1EA8435C0014DA67 /* AppDelegate.swift */ = {isa = PBXFileReference; lastKnownFileType = sourcecode.swift; path = AppDelegate.swift; sourceTree = "<group>"; };
		CE49C61F1EA8435C0014DA67 /* ViewController.swift */ = {isa = PBXFileReference; lastKnownFileType = sourcecode.swift; path = ViewController.swift; sourceTree = "<group>"; };
		CE49C6221EA8435C0014DA67 /* Base */ = {isa = PBXFileReference; lastKnownFileType = file.storyboard; name = Base; path = Base.lproj/Main.storyboard; sourceTree = "<group>"; };
		CE49C6251EA8435C0014DA67 /* testNoveo.xcdatamodel */ = {isa = PBXFileReference; lastKnownFileType = wrapper.xcdatamodel; path = testNoveo.xcdatamodel; sourceTree = "<group>"; };
		CE49C6271EA8435C0014DA67 /* Assets.xcassets */ = {isa = PBXFileReference; lastKnownFileType = folder.assetcatalog; path = Assets.xcassets; sourceTree = "<group>"; };
		CE49C62A1EA8435C0014DA67 /* Base */ = {isa = PBXFileReference; lastKnownFileType = file.storyboard; name = Base; path = Base.lproj/LaunchScreen.storyboard; sourceTree = "<group>"; };
		CE49C62C1EA8435C0014DA67 /* Info.plist */ = {isa = PBXFileReference; lastKnownFileType = text.plist.xml; path = Info.plist; sourceTree = "<group>"; };
/* End PBXFileReference section */

/* Begin PBXFrameworksBuildPhase section */
		CE49C6171EA8435C0014DA67 /* Frameworks */ = {
			isa = PBXFrameworksBuildPhase;
			buildActionMask = 2147483647;
			files = (
			);
			runOnlyForDeploymentPostprocessing = 0;
		};
/* End PBXFrameworksBuildPhase section */

/* Begin PBXGroup section */
		CE49C6111EA8435C0014DA67 = {
			isa = PBXGroup;
			children = (
				CE49C61C1EA8435C0014DA67 /* testNoveo */,
				CE49C61B1EA8435C0014DA67 /* Products */,
			);
			sourceTree = "<group>";
		};
		CE49C61B1EA8435C0014DA67 /* Products */ = {
			isa = PBXGroup;
			children = (
				CE49C61A1EA8435C0014DA67 /* testNoveo.app */,
			);
			name = Products;
			sourceTree = "<group>";
		};
		CE49C61C1EA8435C0014DA67 /* testNoveo */ = {
			isa = PBXGroup;
			children = (
				CE49C61D1EA8435C0014DA67 /* AppDelegate.swift */,
				CE49C61F1EA8435C0014DA67 /* ViewController.swift */,
				CE49C6211EA8435C0014DA67 /* Main.storyboard */,
				CE49C6271EA8435C0014DA67 /* Assets.xcassets */,
				CE49C6291EA8435C0014DA67 /* LaunchScreen.storyboard */,
				CE49C62C1EA8435C0014DA67 /* Info.plist */,
				CE49C6241EA8435C0014DA67 /* testNoveo.xcdatamodeld */,
			);
			path = testNoveo;
			sourceTree = "<group>";
		};
/* End PBXGroup section */

/* Begin PBXNativeTarget section */
		CE49C6191EA8435C0014DA67 /* testNoveo */ = {
			isa = PBXNativeTarget;
			buildConfigurationList = CE49C62F1EA8435C0014DA67 /* Build configuration list for PBXNativeTarget "testNoveo" */;
			buildPhases = (
				CE49C6161EA8435C0014DA67 /* Sources */,
				CE49C6171EA8435C0014DA67 /* Frameworks */,
				CE49C6181EA8435C0014DA67 /* Resources */,
			);
			buildRules = (
			);
			dependencies = (
			);
			name = testNoveo;
			productName = testNoveo;
			productReference = CE49C61A1EA8435C0014DA67 /* testNoveo.app */;
			productType = "com.apple.product-type.application";
		};
/* End PBXNativeTarget section */

/* Begin PBXProject section */
		CE49C6121EA8435C0014DA67 /* Project object */ = {
			isa = PBXProject;
			attributes = {
				LastSwiftUpdateCheck = 0830;
				LastUpgradeCheck = 0830;
				ORGANIZATIONNAME = Leonid;
				TargetAttributes = {
					CE49C6191EA8435C0014DA67 = {
						CreatedOnToolsVersion = 8.3;
						DevelopmentTeam = BN58635U8R;
						ProvisioningStyle = Automatic;
					};
				};
			};
			buildConfigurationList = CE49C6151EA8435C0014DA67 /* Build configuration list for PBXProject "testNoveo" */;
			compatibilityVersion = "Xcode 3.2";
			developmentRegion = English;
			hasScannedForEncodings = 0;
			knownRegions = (
				en,
				Base,
			);
			mainGroup = CE49C6111EA8435C0014DA67;
			productRefGroup = CE49C61B1EA8435C0014DA67 /* Products */;
			projectDirPath = "";
			projectRoot = "";
			targets = (
				CE49C6191EA8435C0014DA67 /* testNoveo */,
			);
		};
/* End PBXProject section */

/* Begin PBXResourcesBuildPhase section */
		CE49C6181EA8435C0014DA67 /* Resources */ = {
			isa = PBXResourcesBuildPhase;
			buildActionMask = 2147483647;
			files = (
				CE49C62B1EA8435C0014DA67 /* LaunchScreen.storyboard in Resources */,
				CE49C6281EA8435C0014DA67 /* Assets.xcassets in Resources */,
				CE49C6231EA8435C0014DA67 /* Main.storyboard in Resources */,
			);
			runOnlyForDeploymentPostprocessing = 0;
		};
/* End PBXResourcesBuildPhase section */

/* Begin PBXSourcesBuildPhase section */
		CE49C6161EA8435C0014DA67 /* Sources */ = {
			isa = PBXSourcesBuildPhase;
			buildActionMask = 2147483647;
			files = (
				CE49C6261EA8435C0014DA67 /* testNoveo.xcdatamodeld in Sources */,
				CE49C6201EA8435C0014DA67 /* ViewController.swift in Sources */,
				CE49C61E1EA8435C0014DA67 /* AppDelegate.swift in Sources */,
			);
			runOnlyForDeploymentPostprocessing = 0;
		};
/* End PBXSourcesBuildPhase section */

/* Begin PBXVariantGroup section */
		CE49C6211EA8435C0014DA67 /* Main.storyboard */ = {
			isa = PBXVariantGroup;
			children = (
				CE49C6221EA8435C0014DA67 /* Base */,
			);
			name = Main.storyboard;
			sourceTree = "<group>";
		};
		CE49C6291EA8435C0014DA67 /* LaunchScreen.storyboard */ = {
			isa = PBXVariantGroup;
			children = (
				CE49C62A1EA8435C0014DA67 /* Base */,
			);
			name = LaunchScreen.storyboard;
			sourceTree = "<group>";
		};
/* End PBXVariantGroup section */

/* Begin XCBuildConfiguration section */
		CE49C62D1EA8435C0014DA67 /* Debug */ = {
			isa = XCBuildConfiguration;
			buildSettings = {
				ALWAYS_SEARCH_USER_PATHS = NO;
				CLANG_ANALYZER_NONNULL = YES;
				CLANG_ANALYZER_NUMBER_OBJECT_CONVERSION = YES_AGGRESSIVE;
				CLANG_CXX_LANGUAGE_STANDARD = "gnu++0x";
				CLANG_CXX_LIBRARY = "libc++";
				CLANG_ENABLE_MODULES = YES;
				CLANG_ENABLE_OBJC_ARC = YES;
				CLANG_WARN_BOOL_CONVERSION = YES;
				CLANG_WARN_CONSTANT_CONVERSION = YES;
				CLANG_WARN_DIRECT_OBJC_ISA_USAGE = YES_ERROR;
				CLANG_WARN_DOCUMENTATION_COMMENTS = YES;
				CLANG_WARN_EMPTY_BODY = YES;
				CLANG_WARN_ENUM_CONVERSION = YES;
				CLANG_WARN_INFINITE_RECURSION = YES;
				CLANG_WARN_INT_CONVERSION = YES;
				CLANG_WARN_OBJC_ROOT_CLASS = YES_ERROR;
				CLANG_WARN_SUSPICIOUS_MOVE = YES;
				CLANG_WARN_UNREACHABLE_CODE = YES;
				CLANG_WARN__DUPLICATE_METHOD_MATCH = YES;
				"CODE_SIGN_IDENTITY[sdk=iphoneos*]" = "iPhone Developer";
				COPY_PHASE_STRIP = NO;
				DEBUG_INFORMATION_FORMAT = dwarf;
				ENABLE_STRICT_OBJC_MSGSEND = YES;
				ENABLE_TESTABILITY = YES;
				GCC_C_LANGUAGE_STANDARD = gnu99;
				GCC_DYNAMIC_NO_PIC = NO;
				GCC_NO_COMMON_BLOCKS = YES;
				GCC_OPTIMIZATION_LEVEL = 0;
				GCC_PREPROCESSOR_DEFINITIONS = (
					"DEBUG=1",
					"$(inherited)",
				);
				GCC_WARN_64_TO_32_BIT_CONVERSION = YES;
				GCC_WARN_ABOUT_RETURN_TYPE = YES_ERROR;
				GCC_WARN_UNDECLARED_SELECTOR = YES;
				GCC_WARN_UNINITIALIZED_AUTOS = YES_AGGRESSIVE;
				GCC_WARN_UNUSED_FUNCTION = YES;
				GCC_WARN_UNUSED_VARIABLE = YES;
				IPHONEOS_DEPLOYMENT_TARGET = 10.3;
				MTL_ENABLE_DEBUG_INFO = YES;
				ONLY_ACTIVE_ARCH = YES;
				SDKROOT = iphoneos;
				SWIFT_ACTIVE_COMPILATION_CONDITIONS = DEBUG;
				SWIFT_OPTIMIZATION_LEVEL = "-Onone";
				TARGETED_DEVICE_FAMILY = "1,2";
			};
			name = Debug;
		};
		CE49C62E1EA8435C0014DA67 /* Release */ = {
			isa = XCBuildConfiguration;
			buildSettings = {
				ALWAYS_SEARCH_USER_PATHS = NO;
				CLANG_ANALYZER_NONNULL = YES;
				CLANG_ANALYZER_NUMBER_OBJECT_CONVERSION = YES_AGGRESSIVE;
				CLANG_CXX_LANGUAGE_STANDARD = "gnu++0x";
				CLANG_CXX_LIBRARY = "libc++";
				CLANG_ENABLE_MODULES = YES;
				CLANG_ENABLE_OBJC_ARC = YES;
				CLANG_WARN_BOOL_CONVERSION = YES;
				CLANG_WARN_CONSTANT_CONVERSION = YES;
				CLANG_WARN_DIRECT_OBJC_ISA_USAGE = YES_ERROR;
				CLANG_WARN_DOCUMENTATION_COMMENTS = YES;
				CLANG_WARN_EMPTY_BODY = YES;
				CLANG_WARN_ENUM_CONVERSION = YES;
				CLANG_WARN_INFINITE_RECURSION = YES;
				CLANG_WARN_INT_CONVERSION = YES;
				CLANG_WARN_OBJC_ROOT_CLASS = YES_ERROR;
				CLANG_WARN_SUSPICIOUS_MOVE = YES;
				CLANG_WARN_UNREACHABLE_CODE = YES;
				CLANG_WARN__DUPLICATE_METHOD_MATCH = YES;
				"CODE_SIGN_IDENTITY[sdk=iphoneos*]" = "iPhone Developer";
				COPY_PHASE_STRIP = NO;
				DEBUG_INFORMATION_FORMAT = "dwarf-with-dsym";
				ENABLE_NS_ASSERTIONS = NO;
				ENABLE_STRICT_OBJC_MSGSEND = YES;
				GCC_C_LANGUAGE_STANDARD = gnu99;
				GCC_NO_COMMON_BLOCKS = YES;
				GCC_WARN_64_TO_32_BIT_CONVERSION = YES;
				GCC_WARN_ABOUT_RETURN_TYPE = YES_ERROR;
				GCC_WARN_UNDECLARED_SELECTOR = YES;
				GCC_WARN_UNINITIALIZED_AUTOS = YES_AGGRESSIVE;
				GCC_WARN_UNUSED_FUNCTION = YES;
				GCC_WARN_UNUSED_VARIABLE = YES;
				IPHONEOS_DEPLOYMENT_TARGET = 10.3;
				MTL_ENABLE_DEBUG_INFO = NO;
				SDKROOT = iphoneos;
				SWIFT_OPTIMIZATION_LEVEL = "-Owholemodule";
				TARGETED_DEVICE_FAMILY = "1,2";
				VALIDATE_PRODUCT = YES;
			};
			name = Release;
		};
		CE49C6301EA8435C0014DA67 /* Debug */ = {
			isa = XCBuildConfiguration;
			buildSettings = {
				ASSETCATALOG_COMPILER_APPICON_NAME = AppIcon;
				DEVELOPMENT_TEAM = BN58635U8R;
				INFOPLIST_FILE = testNoveo/Info.plist;
				LD_RUNPATH_SEARCH_PATHS = "$(inherited) @executable_path/Frameworks";
				PRODUCT_BUNDLE_IDENTIFIER = "-.testNoveo";
				PRODUCT_NAME = "$(TARGET_NAME)";
				SWIFT_VERSION = 3.0;
			};
			name = Debug;
		};
		CE49C6311EA8435C0014DA67 /* Release */ = {
			isa = XCBuildConfiguration;
			buildSettings = {
				ASSETCATALOG_COMPILER_APPICON_NAME = AppIcon;
				DEVELOPMENT_TEAM = BN58635U8R;
				INFOPLIST_FILE = testNoveo/Info.plist;
				LD_RUNPATH_SEARCH_PATHS = "$(inherited) @executable_path/Frameworks";
				PRODUCT_BUNDLE_IDENTIFIER = "-.testNoveo";
				PRODUCT_NAME = "$(TARGET_NAME)";
				SWIFT_VERSION = 3.0;
			};
			name = Release;
		};
/* End XCBuildConfiguration section */

/* Begin XCConfigurationList section */
		CE49C6151EA8435C0014DA67 /* Build configuration list for PBXProject "testNoveo" */ = {
			isa = XCConfigurationList;
			buildConfigurations = (
				CE49C62D1EA8435C0014DA67 /* Debug */,
				CE49C62E1EA8435C0014DA67 /* Release */,
			);
			defaultConfigurationIsVisible = 0;
			defaultConfigurationName = Release;
		};
		CE49C62F1EA8435C0014DA67 /* Build configuration list for PBXNativeTarget "testNoveo" */ = {
			isa = XCConfigurationList;
			buildConfigurations = (
				CE49C6301EA8435C0014DA67 /* Debug */,
				CE49C6311EA8435C0014DA67 /* Release */,
			);
			defaultConfigurationIsVisible = 0;
		};
/* End XCConfigurationList section */

/* Begin XCVersionGroup section */
		CE49C6241EA8435C0014DA67 /* testNoveo.xcdatamodeld */ = {
			isa = XCVersionGroup;
			children = (
				CE49C6251EA8435C0014DA67 /* testNoveo.xcdatamodel */,
			);
			currentVersion = CE49C6251EA8435C0014DA67 /* testNoveo.xcdatamodel */;
			path = testNoveo.xcdatamodeld;
			sourceTree = "<group>";
			versionGroupType = wrapper.xcdatamodel;
		};
/* End XCVersionGroup section */
	};
	rootObject = CE49C6121EA8435C0014DA67 /* Project object */;
}
